{
  "nodes": {
    "flake-utils": {
      "locked": {
        "lastModified": 1652776076,
        "narHash": "sha256-gzTw/v1vj4dOVbpBSJX4J0DwUR6LIyXo7/SuuTJp1kM=",
        "owner": "numtide",
        "repo": "flake-utils",
        "rev": "04c1b180862888302ddfb2e3ad9eaa63afc60cf8",
        "type": "github"
      },
      "original": {
        "owner": "numtide",
        "ref": "v1.0.0",
        "repo": "flake-utils",
        "type": "github"
      }
    },
    "nixos": {
      "locked": {
        "lastModified": 1685314633,
        "narHash": "sha256-8LXBPqTQXl5ofkjpJ18JcbmLJ/lWDoMxtUwiDYv0wro=",
        "owner": "NixOS",
        "repo": "nixpkgs",
        "rev": "c8a17ce7abc03c50cd072e9e6c9b389c5f61836b",
        "type": "github"
      },
      "original": {
        "owner": "NixOS",
        "ref": "nixos-22.11",
        "repo": "nixpkgs",
        "type": "github"
      }
    },
    "poetry2nix": {
      "inputs": {
        "flake-utils": [
          "flake-utils"
        ],
        "nixpkgs": [
          "nixos"
        ]
      },
      "locked": {
        "lastModified": 1651700095,
        "narHash": "sha256-xeo702X83g7s2J22AAvtN/FkB1M0TUbZ+SGuMMNzk8s=",
        "owner": "nix-community",
        "repo": "poetry2nix",
        "rev": "b00b6b6ef8471e912f2f09e826ca9acc127cee4f",
        "type": "github"
      },
      "original": {
        "owner": "nix-community",
        "ref": "v1.28.0",
        "repo": "poetry2nix",
        "type": "github"
      }
    },
    "pythoneda": {
      "inputs": {
        "flake-utils": [
          "flake-utils"
        ],
        "nixos": [
          "nixos"
        ],
        "poetry2nix": [
          "poetry2nix"
        ]
      },
      "locked": {
        "lastModified": 1685370987,
        "narHash": "sha256-N8VF0yTdVimxLgIR9y8j1XleuIJxtBNflIPGBc6AyDw=",
        "owner": "rydnr",
        "repo": "pythoneda",
        "rev": "c82d4288068473673e7cb85a4ae19cb40b3d9758",
        "type": "github"
      },
      "original": {
        "owner": "rydnr",
        "ref": "0.0.1a5",
        "repo": "pythoneda",
        "type": "github"
      }
    },
    "pythoneda-application-layer": {
      "inputs": {
        "flake-utils": [
          "flake-utils"
        ],
        "nixos": [
          "nixos"
        ],
        "poetry2nix": [
          "poetry2nix"
        ],
        "pythoneda": [
          "pythoneda"
        ],
        "pythoneda-infrastructure-layer": [
          "pythoneda-infrastructure-layer"
        ]
      },
      "locked": {
        "lastModified": 1685434496,
        "narHash": "sha256-dFkHPWDarvCBvuF4/K1ipTZdVVoL4WQtLys9tfhI9t0=",
        "owner": "rydnr",
        "repo": "pythoneda-application-layer",
        "rev": "542dd7a7ab76da00af8d1fb9c354a2263e03c501",
        "type": "github"
      },
      "original": {
        "owner": "rydnr",
        "ref": "0.0.1a3",
        "repo": "pythoneda-application-layer",
        "type": "github"
      }
    },
    "pythoneda-git-repositories": {
      "inputs": {
        "flake-utils": [
          "flake-utils"
        ],
        "nixos": [
          "nixos"
        ],
        "poetry2nix": [
          "poetry2nix"
        ],
        "pythoneda": [
          "pythoneda"
        ]
      },
      "locked": {
        "lastModified": 1685389975,
        "narHash": "sha256-m4XtFsIQD6WQVgcbozgowFbL+p4w6fVA0jMO+4Gx6eI=",
        "owner": "rydnr",
        "repo": "pythoneda-git-repositories",
        "rev": "ec6dcafe4a712acfc615ea6e31d9add95abf4f40",
        "type": "github"
      },
      "original": {
        "owner": "rydnr",
        "ref": "0.0.1a3",
        "repo": "pythoneda-git-repositories",
        "type": "github"
      }
    },
    "pythoneda-infrastructure-layer": {
      "inputs": {
        "flake-utils": [
          "flake-utils"
        ],
        "nixos": [
          "nixos"
        ],
        "poetry2nix": [
          "poetry2nix"
        ],
        "pythoneda": [
          "pythoneda"
        ]
      },
      "locked": {
        "lastModified": 1685389722,
        "narHash": "sha256-DhyX0kbomluWNJPIHqTokAeCnHbAUhLtCad3A3H96PQ=",
        "owner": "rydnr",
        "repo": "pythoneda-infrastructure-layer",
        "rev": "d66c306048516ca9e1f6543b6fd54ba05d9d2f23",
        "type": "github"
      },
      "original": {
        "owner": "rydnr",
        "ref": "0.0.1a2",
        "repo": "pythoneda-infrastructure-layer",
        "type": "github"
      }
    },
    "pythoneda-nix-shared": {
      "inputs": {
        "flake-utils": [
          "flake-utils"
        ],
        "nixos": [
          "nixos"
        ],
        "poetry2nix": [
          "poetry2nix"
        ],
        "pythoneda": [
          "pythoneda"
        ]
      },
      "locked": {
        "lastModified": 1685433315,
        "narHash": "sha256-hfGmmjjZrj9L28N3DpYpfsAU8U/nOA4I4cxxFTZ+AGY=",
        "owner": "rydnr",
        "repo": "pythoneda-nix-shared",
        "rev": "0c9e9c19017783d54a75c5648d290f5fa3fb44bf",
        "type": "github"
      },
      "original": {
        "owner": "rydnr",
        "ref": "0.0.1a3",
        "repo": "pythoneda-nix-shared",
        "type": "github"
      }
    },
    "pythoneda-python-packages": {
      "inputs": {
        "flake-utils": [
          "flake-utils"
        ],
        "nixos": [
          "nixos"
        ],
        "poetry2nix": [
          "poetry2nix"
        ],
        "pythoneda": [
          "pythoneda"
        ],
        "pythoneda-git-repositories": [
          "pythoneda-git-repositories"
        ],
        "pythoneda-nix-shared": [
          "pythoneda-nix-shared"
        ]
      },
      "locked": {
        "lastModified": 1685433514,
        "narHash": "sha256-21VZt0Jp4Pq/y8O5E50fIYvJt6O2QgwfkOqGN1ct5+k=",
        "owner": "rydnr",
        "repo": "pythoneda-python-packages",
        "rev": "913681838f6b251e60328bb5a88e11f55afe6d02",
        "type": "github"
      },
      "original": {
        "owner": "rydnr",
        "ref": "0.0.1a2",
        "repo": "pythoneda-python-packages",
        "type": "github"
      }
    },
    "root": {
      "inputs": {
        "flake-utils": "flake-utils",
        "nixos": "nixos",
        "poetry2nix": "poetry2nix",
        "pythoneda": "pythoneda",
        "pythoneda-application-layer": "pythoneda-application-layer",
        "pythoneda-git-repositories": "pythoneda-git-repositories",
        "pythoneda-infrastructure-layer": "pythoneda-infrastructure-layer",
        "pythoneda-nix-shared": "pythoneda-nix-shared",
        "pythoneda-python-packages": "pythoneda-python-packages"
      }
    }
  },
  "root": "root",
  "version": 7
}
